
Microsoft Visual Studio Solution File, Format Version 12.00
# Visual Studio Version 17
VisualStudioVersion = 17.0.31903.59
MinimumVisualStudioVersion = 10.0.40219.1
Project("{9A19103F-16F7-4668-BE54-9A1E7A4F7556}") = "Synnotech.AspNetCore", "Synnotech.AspNetCore\Synnotech.AspNetCore.csproj", "{3F873FC0-F499-41FE-93C5-132A75E17B58}"
EndProject
Project("{9A19103F-16F7-4668-BE54-9A1E7A4F7556}") = "Synnotech.AspNetCore.Tests", "Synnotech.AspNetCore.Tests\Synnotech.AspNetCore.Tests.csproj", "{6A605FE1-401B-480F-8D9A-3CFC2948764D}"
EndProject
Global
	GlobalSection(SolutionConfigurationPlatforms) = preSolution
		Debug|Any CPU = Debug|Any CPU
		Release|Any CPU = Release|Any CPU
	EndGlobalSection
	GlobalSection(ProjectConfigurationPlatforms) = postSolution
		{3F873FC0-F499-41FE-93C5-132A75E17B58}.Debug|Any CPU.ActiveCfg = Debug|Any CPU
		{3F873FC0-F499-41FE-93C5-132A75E17B58}.Debug|Any CPU.Build.0 = Debug|Any CPU
		{3F873FC0-F499-41FE-93C5-132A75E17B58}.Release|Any CPU.ActiveCfg = Release|Any CPU
		{3F873FC0-F499-41FE-93C5-132A75E17B58}.Release|Any CPU.Build.0 = Release|Any CPU
		{6A605FE1-401B-480F-8D9A-3CFC2948764D}.Debug|Any CPU.ActiveCfg = Debug|Any CPU
		{6A605FE1-401B-480F-8D9A-3CFC2948764D}.Debug|Any CPU.Build.0 = Debug|Any CPU
		{6A605FE1-401B-480F-8D9A-3CFC2948764D}.Release|Any CPU.ActiveCfg = Release|Any CPU
		{6A605FE1-401B-480F-8D9A-3CFC2948764D}.Release|Any CPU.Build.0 = Release|Any CPU
	EndGlobalSection
	GlobalSection(SolutionProperties) = preSolution
		HideSolutionNode = FALSE
	EndGlobalSection
	GlobalSection(ExtensibilityGlobals) = postSolution
		SolutionGuid = {0344B98A-872A-46B3-A19C-5D81049A862A}
	EndGlobalSection
EndGlobal
